
Microsoft Visual Studio Solution File, Format Version 12.00
# Visual Studio 15
VisualStudioVersion = 15.0.28307.572
MinimumVisualStudioVersion = 10.0.40219.1
Project("{FAE04EC0-301F-11D3-BF4B-00C04F79EFBC}") = "MvcBoardApp", "MvcBoardApp\MvcBoardApp.csproj", "{FB681BF7-FEDF-49CC-9694-85E2B1D0E874}"
EndProject
Global
	GlobalSection(SolutionConfigurationPlatforms) = preSolution
		Debug|Any CPU = Debug|Any CPU
		Release|Any CPU = Release|Any CPU
	EndGlobalSection
	GlobalSection(ProjectConfigurationPlatforms) = postSolution
		{FB681BF7-FEDF-49CC-9694-85E2B1D0E874}.Debug|Any CPU.ActiveCfg = Debug|Any CPU
		{FB681BF7-FEDF-49CC-9694-85E2B1D0E874}.Debug|Any CPU.Build.0 = Debug|Any CPU
		{FB681BF7-FEDF-49CC-9694-85E2B1D0E874}.Release|Any CPU.ActiveCfg = Release|Any CPU
		{FB681BF7-FEDF-49CC-9694-85E2B1D0E874}.Release|Any CPU.Build.0 = Release|Any CPU
	EndGlobalSection
	GlobalSection(SolutionProperties) = preSolution
		HideSolutionNode = FALSE
	EndGlobalSection
	GlobalSection(ExtensibilityGlobals) = postSolution
		SolutionGuid = {1379565A-7666-4F42-9E5E-759D059E7995}
	EndGlobalSection
EndGlobal
